
Microsoft Visual Studio Solution File, Format Version 12.00
# Visual Studio Version 16
VisualStudioVersion = 16.0.33027.164
MinimumVisualStudioVersion = 10.0.40219.1
Project("{FAE04EC0-301F-11D3-BF4B-00C04F79EFBC}") = "AWSWebApplication", "AWSWebApplication.csproj", "{51BC1D08-F156-4CC4-AA6B-64B9BF8B773C}"
EndProject
Global
	GlobalSection(SolutionConfigurationPlatforms) = preSolution
		Debug|Any CPU = Debug|Any CPU
		Release|Any CPU = Release|Any CPU
	EndGlobalSection
	GlobalSection(ProjectConfigurationPlatforms) = postSolution
		{51BC1D08-F156-4CC4-AA6B-64B9BF8B773C}.Debug|Any CPU.ActiveCfg = Debug|Any CPU
		{51BC1D08-F156-4CC4-AA6B-64B9BF8B773C}.Debug|Any CPU.Build.0 = Debug|Any CPU
		{51BC1D08-F156-4CC4-AA6B-64B9BF8B773C}.Release|Any CPU.ActiveCfg = Release|Any CPU
		{51BC1D08-F156-4CC4-AA6B-64B9BF8B773C}.Release|Any CPU.Build.0 = Release|Any CPU
	EndGlobalSection
	GlobalSection(SolutionProperties) = preSolution
		HideSolutionNode = FALSE
	EndGlobalSection
	GlobalSection(ExtensibilityGlobals) = postSolution
		SolutionGuid = {8DA707BB-62FC-4E29-9766-ABAAE94C950C}
	EndGlobalSection
EndGlobal
